
Microsoft Visual Studio Solution File, Format Version 12.00
# Visual Studio Version 17
VisualStudioVersion = 17.10.34928.147
MinimumVisualStudioVersion = 10.0.40219.1
Project("{FAE04EC0-301F-11D3-BF4B-00C04F79EFBC}") = "project 1", "project 1.csproj", "{8A8B38E6-B860-4406-8BEC-8479DEB0692E}"
EndProject
Global
	GlobalSection(SolutionConfigurationPlatforms) = preSolution
		Debug|Any CPU = Debug|Any CPU
		Release|Any CPU = Release|Any CPU
	EndGlobalSection
	GlobalSection(ProjectConfigurationPlatforms) = postSolution
		{8A8B38E6-B860-4406-8BEC-8479DEB0692E}.Debug|Any CPU.ActiveCfg = Debug|Any CPU
		{8A8B38E6-B860-4406-8BEC-8479DEB0692E}.Debug|Any CPU.Build.0 = Debug|Any CPU
		{8A8B38E6-B860-4406-8BEC-8479DEB0692E}.Release|Any CPU.ActiveCfg = Release|Any CPU
		{8A8B38E6-B860-4406-8BEC-8479DEB0692E}.Release|Any CPU.Build.0 = Release|Any CPU
	EndGlobalSection
	GlobalSection(SolutionProperties) = preSolution
		HideSolutionNode = FALSE
	EndGlobalSection
	GlobalSection(ExtensibilityGlobals) = postSolution
		SolutionGuid = {F008ED22-E6EC-40A3-8DB7-D54F0E2953BB}
	EndGlobalSection
EndGlobal
